
Microsoft Visual Studio Solution File, Format Version 12.00
# Visual Studio 15
VisualStudioVersion = 15.0.28307.271
MinimumVisualStudioVersion = 10.0.40219.1
Project("{FAE04EC0-301F-11D3-BF4B-00C04F79EFBC}") = "Swagify.Android", "Swagify\Swagify.Android\Swagify.Android.csproj", "{E23ED47C-6C98-4E3C-9706-57B134D97E23}"
EndProject
Project("{FAE04EC0-301F-11D3-BF4B-00C04F79EFBC}") = "Swagify.iOS", "Swagify\Swagify.iOS\Swagify.iOS.csproj", "{B8A8AE6D-0E3A-476D-A0C4-547DF20B0C7F}"
EndProject
Project("{9A19103F-16F7-4668-BE54-9A1E7A4F7556}") = "Swagify", "Swagify\Swagify\Swagify.csproj", "{E6F80B9C-A3A4-4052-8D2C-711C67635780}"
EndProject
Global
	GlobalSection(SolutionConfigurationPlatforms) = preSolution
		Ad-Hoc|Any CPU = Ad-Hoc|Any CPU
		Ad-Hoc|iPhone = Ad-Hoc|iPhone
		Ad-Hoc|iPhoneSimulator = Ad-Hoc|iPhoneSimulator
		AppStore|Any CPU = AppStore|Any CPU
		AppStore|iPhone = AppStore|iPhone
		AppStore|iPhoneSimulator = AppStore|iPhoneSimulator
		Debug|Any CPU = Debug|Any CPU
		Debug|iPhone = Debug|iPhone
		Debug|iPhoneSimulator = Debug|iPhoneSimulator
		Gorilla|Any CPU = Gorilla|Any CPU
		Gorilla|iPhone = Gorilla|iPhone
		Gorilla|iPhoneSimulator = Gorilla|iPhoneSimulator
		Release|Any CPU = Release|Any CPU
		Release|iPhone = Release|iPhone
		Release|iPhoneSimulator = Release|iPhoneSimulator
	EndGlobalSection
	GlobalSection(ProjectConfigurationPlatforms) = postSolution
		{E23ED47C-6C98-4E3C-9706-57B134D97E23}.Ad-Hoc|Any CPU.ActiveCfg = Release|Any CPU
		{E23ED47C-6C98-4E3C-9706-57B134D97E23}.Ad-Hoc|Any CPU.Build.0 = Release|Any CPU
		{E23ED47C-6C98-4E3C-9706-57B134D97E23}.Ad-Hoc|Any CPU.Deploy.0 = Release|Any CPU
		{E23ED47C-6C98-4E3C-9706-57B134D97E23}.Ad-Hoc|iPhone.ActiveCfg = Release|Any CPU
		{E23ED47C-6C98-4E3C-9706-57B134D97E23}.Ad-Hoc|iPhone.Build.0 = Release|Any CPU
		{E23ED47C-6C98-4E3C-9706-57B134D97E23}.Ad-Hoc|iPhone.Deploy.0 = Release|Any CPU
		{E23ED47C-6C98-4E3C-9706-57B134D97E23}.Ad-Hoc|iPhoneSimulator.ActiveCfg = Release|Any CPU
		{E23ED47C-6C98-4E3C-9706-57B134D97E23}.Ad-Hoc|iPhoneSimulator.Build.0 = Release|Any CPU
		{E23ED47C-6C98-4E3C-9706-57B134D97E23}.Ad-Hoc|iPhoneSimulator.Deploy.0 = Release|Any CPU
		{E23ED47C-6C98-4E3C-9706-57B134D97E23}.AppStore|Any CPU.ActiveCfg = Release|Any CPU
		{E23ED47C-6C98-4E3C-9706-57B134D97E23}.AppStore|Any CPU.Build.0 = Release|Any CPU
		{E23ED47C-6C98-4E3C-9706-57B134D97E23}.AppStore|Any CPU.Deploy.0 = Release|Any CPU
		{E23ED47C-6C98-4E3C-9706-57B134D97E23}.AppStore|iPhone.ActiveCfg = Release|Any CPU
		{E23ED47C-6C98-4E3C-9706-57B134D97E23}.AppStore|iPhone.Build.0 = Release|Any CPU
		{E23ED47C-6C98-4E3C-9706-57B134D97E23}.AppStore|iPhone.Deploy.0 = Release|Any CPU
		{E23ED47C-6C98-4E3C-9706-57B134D97E23}.AppStore|iPhoneSimulator.ActiveCfg = Release|Any CPU
		{E23ED47C-6C98-4E3C-9706-57B134D97E23}.AppStore|iPhoneSimulator.Build.0 = Release|Any CPU
		{E23ED47C-6C98-4E3C-9706-57B134D97E23}.AppStore|iPhoneSimulator.Deploy.0 = Release|Any CPU
		{E23ED47C-6C98-4E3C-9706-57B134D97E23}.Debug|Any CPU.ActiveCfg = Debug|Any CPU
		{E23ED47C-6C98-4E3C-9706-57B134D97E23}.Debug|Any CPU.Build.0 = Debug|Any CPU
		{E23ED47C-6C98-4E3C-9706-57B134D97E23}.Debug|Any CPU.Deploy.0 = Debug|Any CPU
		{E23ED47C-6C98-4E3C-9706-57B134D97E23}.Debug|iPhone.ActiveCfg = Debug|Any CPU
		{E23ED47C-6C98-4E3C-9706-57B134D97E23}.Debug|iPhone.Build.0 = Debug|Any CPU
		{E23ED47C-6C98-4E3C-9706-57B134D97E23}.Debug|iPhone.Deploy.0 = Debug|Any CPU
		{E23ED47C-6C98-4E3C-9706-57B134D97E23}.Debug|iPhoneSimulator.ActiveCfg = Debug|Any CPU
		{E23ED47C-6C98-4E3C-9706-57B134D97E23}.Debug|iPhoneSimulator.Build.0 = Debug|Any CPU
		{E23ED47C-6C98-4E3C-9706-57B134D97E23}.Debug|iPhoneSimulator.Deploy.0 = Debug|Any CPU
		{E23ED47C-6C98-4E3C-9706-57B134D97E23}.Gorilla|Any CPU.ActiveCfg = Debug|Any CPU
		{E23ED47C-6C98-4E3C-9706-57B134D97E23}.Gorilla|Any CPU.Build.0 = Debug|Any CPU
		{E23ED47C-6C98-4E3C-9706-57B134D97E23}.Gorilla|Any CPU.Deploy.0 = Debug|Any CPU
		{E23ED47C-6C98-4E3C-9706-57B134D97E23}.Gorilla|iPhone.ActiveCfg = Gorilla|Any CPU
		{E23ED47C-6C98-4E3C-9706-57B134D97E23}.Gorilla|iPhone.Build.0 = Gorilla|Any CPU
		{E23ED47C-6C98-4E3C-9706-57B134D97E23}.Gorilla|iPhone.Deploy.0 = Gorilla|Any CPU
		{E23ED47C-6C98-4E3C-9706-57B134D97E23}.Gorilla|iPhoneSimulator.ActiveCfg = Gorilla|Any CPU
		{E23ED47C-6C98-4E3C-9706-57B134D97E23}.Gorilla|iPhoneSimulator.Build.0 = Gorilla|Any CPU
		{E23ED47C-6C98-4E3C-9706-57B134D97E23}.Gorilla|iPhoneSimulator.Deploy.0 = Gorilla|Any CPU
		{E23ED47C-6C98-4E3C-9706-57B134D97E23}.Release|Any CPU.ActiveCfg = Release|Any CPU
		{E23ED47C-6C98-4E3C-9706-57B134D97E23}.Release|Any CPU.Build.0 = Release|Any CPU
		{E23ED47C-6C98-4E3C-9706-57B134D97E23}.Release|Any CPU.Deploy.0 = Release|Any CPU
		{E23ED47C-6C98-4E3C-9706-57B134D97E23}.Release|iPhone.ActiveCfg = Release|Any CPU
		{E23ED47C-6C98-4E3C-9706-57B134D97E23}.Release|iPhone.Build.0 = Release|Any CPU
		{E23ED47C-6C98-4E3C-9706-57B134D97E23}.Release|iPhone.Deploy.0 = Release|Any CPU
		{E23ED47C-6C98-4E3C-9706-57B134D97E23}.Release|iPhoneSimulator.ActiveCfg = Release|Any CPU
		{E23ED47C-6C98-4E3C-9706-57B134D97E23}.Release|iPhoneSimulator.Build.0 = Release|Any CPU
		{E23ED47C-6C98-4E3C-9706-57B134D97E23}.Release|iPhoneSimulator.Deploy.0 = Release|Any CPU
		{B8A8AE6D-0E3A-476D-A0C4-547DF20B0C7F}.Ad-Hoc|Any CPU.ActiveCfg = Ad-Hoc|iPhone
		{B8A8AE6D-0E3A-476D-A0C4-547DF20B0C7F}.Ad-Hoc|Any CPU.Build.0 = Ad-Hoc|iPhone
		{B8A8AE6D-0E3A-476D-A0C4-547DF20B0C7F}.Ad-Hoc|Any CPU.Deploy.0 = Ad-Hoc|iPhone
		{B8A8AE6D-0E3A-476D-A0C4-547DF20B0C7F}.Ad-Hoc|iPhone.ActiveCfg = Ad-Hoc|iPhone
		{B8A8AE6D-0E3A-476D-A0C4-547DF20B0C7F}.Ad-Hoc|iPhone.Build.0 = Ad-Hoc|iPhone
		{B8A8AE6D-0E3A-476D-A0C4-547DF20B0C7F}.Ad-Hoc|iPhone.Deploy.0 = Ad-Hoc|iPhone
		{B8A8AE6D-0E3A-476D-A0C4-547DF20B0C7F}.Ad-Hoc|iPhoneSimulator.ActiveCfg = Ad-Hoc|iPhoneSimulator
		{B8A8AE6D-0E3A-476D-A0C4-547DF20B0C7F}.Ad-Hoc|iPhoneSimulator.Build.0 = Ad-Hoc|iPhoneSimulator
		{B8A8AE6D-0E3A-476D-A0C4-547DF20B0C7F}.Ad-Hoc|iPhoneSimulator.Deploy.0 = Ad-Hoc|iPhoneSimulator
		{B8A8AE6D-0E3A-476D-A0C4-547DF20B0C7F}.AppStore|Any CPU.ActiveCfg = AppStore|iPhone
		{B8A8AE6D-0E3A-476D-A0C4-547DF20B0C7F}.AppStore|Any CPU.Build.0 = AppStore|iPhone
		{B8A8AE6D-0E3A-476D-A0C4-547DF20B0C7F}.AppStore|Any CPU.Deploy.0 = AppStore|iPhone
		{B8A8AE6D-0E3A-476D-A0C4-547DF20B0C7F}.AppStore|iPhone.ActiveCfg = AppStore|iPhone
		{B8A8AE6D-0E3A-476D-A0C4-547DF20B0C7F}.AppStore|iPhone.Build.0 = AppStore|iPhone
		{B8A8AE6D-0E3A-476D-A0C4-547DF20B0C7F}.AppStore|iPhone.Deploy.0 = AppStore|iPhone
		{B8A8AE6D-0E3A-476D-A0C4-547DF20B0C7F}.AppStore|iPhoneSimulator.ActiveCfg = AppStore|iPhoneSimulator
		{B8A8AE6D-0E3A-476D-A0C4-547DF20B0C7F}.AppStore|iPhoneSimulator.Build.0 = AppStore|iPhoneSimulator
		{B8A8AE6D-0E3A-476D-A0C4-547DF20B0C7F}.AppStore|iPhoneSimulator.Deploy.0 = AppStore|iPhoneSimulator
		{B8A8AE6D-0E3A-476D-A0C4-547DF20B0C7F}.Debug|Any CPU.ActiveCfg = Debug|iPhoneSimulator
		{B8A8AE6D-0E3A-476D-A0C4-547DF20B0C7F}.Debug|Any CPU.Build.0 = Debug|iPhoneSimulator
		{B8A8AE6D-0E3A-476D-A0C4-547DF20B0C7F}.Debug|Any CPU.Deploy.0 = Debug|iPhoneSimulator
		{B8A8AE6D-0E3A-476D-A0C4-547DF20B0C7F}.Debug|iPhone.ActiveCfg = Debug|iPhone
		{B8A8AE6D-0E3A-476D-A0C4-547DF20B0C7F}.Debug|iPhone.Build.0 = Debug|iPhone
		{B8A8AE6D-0E3A-476D-A0C4-547DF20B0C7F}.Debug|iPhone.Deploy.0 = Debug|iPhone
		{B8A8AE6D-0E3A-476D-A0C4-547DF20B0C7F}.Debug|iPhoneSimulator.ActiveCfg = Debug|iPhoneSimulator
		{B8A8AE6D-0E3A-476D-A0C4-547DF20B0C7F}.Debug|iPhoneSimulator.Build.0 = Debug|iPhoneSimulator
		{B8A8AE6D-0E3A-476D-A0C4-547DF20B0C7F}.Debug|iPhoneSimulator.Deploy.0 = Debug|iPhoneSimulator
		{B8A8AE6D-0E3A-476D-A0C4-547DF20B0C7F}.Gorilla|Any CPU.ActiveCfg = Debug|iPhone
		{B8A8AE6D-0E3A-476D-A0C4-547DF20B0C7F}.Gorilla|iPhone.ActiveCfg = Gorilla|iPhone
		{B8A8AE6D-0E3A-476D-A0C4-547DF20B0C7F}.Gorilla|iPhone.Build.0 = Gorilla|iPhone
		{B8A8AE6D-0E3A-476D-A0C4-547DF20B0C7F}.Gorilla|iPhoneSimulator.ActiveCfg = Gorilla|iPhoneSimulator
		{B8A8AE6D-0E3A-476D-A0C4-547DF20B0C7F}.Gorilla|iPhoneSimulator.Build.0 = Gorilla|iPhoneSimulator
		{B8A8AE6D-0E3A-476D-A0C4-547DF20B0C7F}.Release|Any CPU.ActiveCfg = Release|iPhone
		{B8A8AE6D-0E3A-476D-A0C4-547DF20B0C7F}.Release|Any CPU.Build.0 = Release|iPhone
		{B8A8AE6D-0E3A-476D-A0C4-547DF20B0C7F}.Release|Any CPU.Deploy.0 = Release|iPhone
		{B8A8AE6D-0E3A-476D-A0C4-547DF20B0C7F}.Release|iPhone.ActiveCfg = Release|iPhone
		{B8A8AE6D-0E3A-476D-A0C4-547DF20B0C7F}.Release|iPhone.Build.0 = Release|iPhone
		{B8A8AE6D-0E3A-476D-A0C4-547DF20B0C7F}.Release|iPhone.Deploy.0 = Release|iPhone
		{B8A8AE6D-0E3A-476D-A0C4-547DF20B0C7F}.Release|iPhoneSimulator.ActiveCfg = Release|iPhoneSimulator
		{B8A8AE6D-0E3A-476D-A0C4-547DF20B0C7F}.Release|iPhoneSimulator.Build.0 = Release|iPhoneSimulator
		{B8A8AE6D-0E3A-476D-A0C4-547DF20B0C7F}.Release|iPhoneSimulator.Deploy.0 = Release|iPhoneSimulator
		{E6F80B9C-A3A4-4052-8D2C-711C67635780}.Ad-Hoc|Any CPU.ActiveCfg = Debug|Any CPU
		{E6F80B9C-A3A4-4052-8D2C-711C67635780}.Ad-Hoc|Any CPU.Build.0 = Debug|Any CPU
		{E6F80B9C-A3A4-4052-8D2C-711C67635780}.Ad-Hoc|Any CPU.Deploy.0 = Debug|Any CPU
		{E6F80B9C-A3A4-4052-8D2C-711C67635780}.Ad-Hoc|iPhone.ActiveCfg = Debug|Any CPU
		{E6F80B9C-A3A4-4052-8D2C-711C67635780}.Ad-Hoc|iPhone.Build.0 = Debug|Any CPU
		{E6F80B9C-A3A4-4052-8D2C-711C67635780}.Ad-Hoc|iPhone.Deploy.0 = Debug|Any CPU
		{E6F80B9C-A3A4-4052-8D2C-711C67635780}.Ad-Hoc|iPhoneSimulator.ActiveCfg = Debug|Any CPU
		{E6F80B9C-A3A4-4052-8D2C-711C67635780}.Ad-Hoc|iPhoneSimulator.Build.0 = Debug|Any CPU
		{E6F80B9C-A3A4-4052-8D2C-711C67635780}.Ad-Hoc|iPhoneSimulator.Deploy.0 = Debug|Any CPU
		{E6F80B9C-A3A4-4052-8D2C-711C67635780}.AppStore|Any CPU.ActiveCfg = Debug|Any CPU
		{E6F80B9C-A3A4-4052-8D2C-711C67635780}.AppStore|Any CPU.Build.0 = Debug|Any CPU
		{E6F80B9C-A3A4-4052-8D2C-711C67635780}.AppStore|Any CPU.Deploy.0 = Debug|Any CPU
		{E6F80B9C-A3A4-4052-8D2C-711C67635780}.AppStore|iPhone.ActiveCfg = Debug|Any CPU
		{E6F80B9C-A3A4-4052-8D2C-711C67635780}.AppStore|iPhone.Build.0 = Debug|Any CPU
		{E6F80B9C-A3A4-4052-8D2C-711C67635780}.AppStore|iPhone.Deploy.0 = Debug|Any CPU
		{E6F80B9C-A3A4-4052-8D2C-711C67635780}.AppStore|iPhoneSimulator.ActiveCfg = Debug|Any CPU
		{E6F80B9C-A3A4-4052-8D2C-711C67635780}.AppStore|iPhoneSimulator.Build.0 = Debug|Any CPU
		{E6F80B9C-A3A4-4052-8D2C-711C67635780}.AppStore|iPhoneSimulator.Deploy.0 = Debug|Any CPU
		{E6F80B9C-A3A4-4052-8D2C-711C67635780}.Debug|Any CPU.ActiveCfg = Debug|Any CPU
		{E6F80B9C-A3A4-4052-8D2C-711C67635780}.Debug|Any CPU.Build.0 = Debug|Any CPU
		{E6F80B9C-A3A4-4052-8D2C-711C67635780}.Debug|Any CPU.Deploy.0 = Debug|Any CPU
		{E6F80B9C-A3A4-4052-8D2C-711C67635780}.Debug|iPhone.ActiveCfg = Debug|Any CPU
		{E6F80B9C-A3A4-4052-8D2C-711C67635780}.Debug|iPhone.Build.0 = Debug|Any CPU
		{E6F80B9C-A3A4-4052-8D2C-711C67635780}.Debug|iPhone.Deploy.0 = Debug|Any CPU
		{E6F80B9C-A3A4-4052-8D2C-711C67635780}.Debug|iPhoneSimulator.ActiveCfg = Debug|Any CPU
		{E6F80B9C-A3A4-4052-8D2C-711C67635780}.Debug|iPhoneSimulator.Build.0 = Debug|Any CPU
		{E6F80B9C-A3A4-4052-8D2C-711C67635780}.Debug|iPhoneSimulator.Deploy.0 = Debug|Any CPU
		{E6F80B9C-A3A4-4052-8D2C-711C67635780}.Gorilla|Any CPU.ActiveCfg = Debug|Any CPU
		{E6F80B9C-A3A4-4052-8D2C-711C67635780}.Gorilla|Any CPU.Build.0 = Debug|Any CPU
		{E6F80B9C-A3A4-4052-8D2C-711C67635780}.Gorilla|iPhone.ActiveCfg = Gorilla|Any CPU
		{E6F80B9C-A3A4-4052-8D2C-711C67635780}.Gorilla|iPhone.Build.0 = Gorilla|Any CPU
		{E6F80B9C-A3A4-4052-8D2C-711C67635780}.Gorilla|iPhoneSimulator.ActiveCfg = Gorilla|Any CPU
		{E6F80B9C-A3A4-4052-8D2C-711C67635780}.Gorilla|iPhoneSimulator.Build.0 = Gorilla|Any CPU
		{E6F80B9C-A3A4-4052-8D2C-711C67635780}.Release|Any CPU.ActiveCfg = Release|Any CPU
		{E6F80B9C-A3A4-4052-8D2C-711C67635780}.Release|Any CPU.Build.0 = Release|Any CPU
		{E6F80B9C-A3A4-4052-8D2C-711C67635780}.Release|Any CPU.Deploy.0 = Release|Any CPU
		{E6F80B9C-A3A4-4052-8D2C-711C67635780}.Release|iPhone.ActiveCfg = Release|Any CPU
		{E6F80B9C-A3A4-4052-8D2C-711C67635780}.Release|iPhone.Build.0 = Release|Any CPU
		{E6F80B9C-A3A4-4052-8D2C-711C67635780}.Release|iPhone.Deploy.0 = Release|Any CPU
		{E6F80B9C-A3A4-4052-8D2C-711C67635780}.Release|iPhoneSimulator.ActiveCfg = Release|Any CPU
		{E6F80B9C-A3A4-4052-8D2C-711C67635780}.Release|iPhoneSimulator.Build.0 = Release|Any CPU
		{E6F80B9C-A3A4-4052-8D2C-711C67635780}.Release|iPhoneSimulator.Deploy.0 = Release|Any CPU
	EndGlobalSection
	GlobalSection(SolutionProperties) = preSolution
		HideSolutionNode = FALSE
	EndGlobalSection
	GlobalSection(ExtensibilityGlobals) = postSolution
		SolutionGuid = {111951E6-88A4-430E-A545-8464D6B50900}
	EndGlobalSection
EndGlobal
